<?xml version="1.0" encoding="utf-8"?>
<Project ToolsVersion="4.0" xmlns="http://schemas.microsoft.com/developer/msbuild/2003">
  <ItemGroup>
    <Filter Include="Source Files">
      <UniqueIdentifier>{4FC737F1-C7A5-4376-A066-2A32D752A2FF}</UniqueIdentifier>
      <Extensions>cpp;c;cc;cxx;def;odl;idl;hpj;bat;asm;asmx</Extensions>
    </Filter>
    <Filter Include="Header Files">
      <UniqueIdentifier>{93995380-89BD-4b04-88EB-625FBE52EBFB}</UniqueIdentifier>
      <Extensions>h;hpp;hxx;hm;inl;inc;xsd</Extensions>
    </Filter>
    <Filter Include="Resource Files">
      <UniqueIdentifier>{67DA6AB6-F800-4c08-8B7A-83BB121AAD01}</UniqueIdentifier>
      <Extensions>rc;ico;cur;bmp;dlg;rc2;rct;bin;rgs;gif;jpg;jpeg;jpe;resx;tiff;tif;png;wav;mfcribbon-ms</Extensions>
    </Filter>
    <Filter Include="json">
      <UniqueIdentifier>{0dbb5838-a768-4797-8d3f-4ee598a00983}</UniqueIdentifier>
    </Filter>
  </ItemGroup>
  <ItemGroup>
    <ClCompile Include="Query.cpp">
      <Filter>Source Files</Filter>
    </ClCompile>
    <ClCompile Include="StringUtils.cpp">
      <Filter>Source Files</Filter>
    </ClCompile>
    <ClCompile Include="Main.cpp">
      <Filter>Source Files</Filter>
    </ClCompile>
    <ClCompile Include="jsoncpp.cpp">
      <Filter>json</Filter>
    </ClCompile>
    <ClCompile Include="ResourceManagerAPI.cpp">
      <Filter>Source Files</Filter>
    </ClCompile>
    <ClCompile Include="ClusterApplication.cpp">
      <Filter>Source Files</Filter>
    </ClCompile>
    <ClCompile Include="HistoryServerAPI.cpp">
      <Filter>Source Files</Filter>
    </ClCompile>
    <ClCompile Include="ServerAPI.cpp">
      <Filter>Source Files</Filter>
    </ClCompile>
    <ClCompile Include="Job.cpp">
      <Filter>Source Files</Filter>
    </ClCompile>
    <ClCompile Include="Application.cpp">
      <Filter>Source Files</Filter>
    </ClCompile>
  </ItemGroup>
  <ItemGroup>
    <ClInclude Include="StringUtils.h">
      <Filter>Header Files</Filter>
    </ClInclude>
    <ClInclude Include="Query.h">
      <Filter>Header Files</Filter>
    </ClInclude>
    <ClInclude Include="json\json.h">
      <Filter>json</Filter>
    </ClInclude>
    <ClInclude Include="json\json-forwards.h">
      <Filter>json</Filter>
    </ClInclude>
    <ClInclude Include="ResourceManagerAPI.h">
      <Filter>Header Files</Filter>
    </ClInclude>
    <ClInclude Include="ClusterApplication.h">
      <Filter>Header Files</Filter>
    </ClInclude>
    <ClInclude Include="HistoryServerAPI.h">
      <Filter>Header Files</Filter>
    </ClInclude>
    <ClInclude Include="ServerAPI.h">
      <Filter>Header Files</Filter>
    </ClInclude>
    <ClInclude Include="Job.h">
      <Filter>Header Files</Filter>
    </ClInclude>
    <ClInclude Include="Application.h">
      <Filter>Header Files</Filter>
    </ClInclude>
  </ItemGroup>
</Project>